// !$*UTF8*$!
{
	archiveVersion = 1;
	classes = {
	};
	objectVersion = 50;
	objects = {

/* Begin PBXBuildFile section */
		A3CFBA1B21AB230300A64840 /* AppDelegate.swift in Sources */ = {isa = PBXBuildFile; fileRef = A3CFBA1A21AB230300A64840 /* AppDelegate.swift */; };
		A3CFBA1D21AB230300A64840 /* ViewController.swift in Sources */ = {isa = PBXBuildFile; fileRef = A3CFBA1C21AB230300A64840 /* ViewController.swift */; };
		A3CFBA2021AB230300A64840 /* Main.storyboard in Resources */ = {isa = PBXBuildFile; fileRef = A3CFBA1E21AB230300A64840 /* Main.storyboard */; };
		A3CFBA2221AB230500A64840 /* Assets.xcassets in Resources */ = {isa = PBXBuildFile; fileRef = A3CFBA2121AB230500A64840 /* Assets.xcassets */; };
		A3CFBA2521AB230500A64840 /* LaunchScreen.storyboard in Resources */ = {isa = PBXBuildFile; fileRef = A3CFBA2321AB230500A64840 /* LaunchScreen.storyboard */; };
		A3CFBA3021AB230500A64840 /* TippyTests.swift in Sources */ = {isa = PBXBuildFile; fileRef = A3CFBA2F21AB230500A64840 /* TippyTests.swift */; };
		A3CFBA3B21AB230500A64840 /* TippyUITests.swift in Sources */ = {isa = PBXBuildFile; fileRef = A3CFBA3A21AB230500A64840 /* TippyUITests.swift */; };
		A3FC940721D051570084245B /* SettingsViewController.swift in Sources */ = {isa = PBXBuildFile; fileRef = A3FC940621D051570084245B /* SettingsViewController.swift */; };
/* End PBXBuildFile section */

/* Begin PBXContainerItemProxy section */
		A3CFBA2C21AB230500A64840 /* PBXContainerItemProxy */ = {
			isa = PBXContainerItemProxy;
			containerPortal = A3CFBA0F21AB230200A64840 /* Project object */;
			proxyType = 1;
			remoteGlobalIDString = A3CFBA1621AB230200A64840;
			remoteInfo = Tippy;
		};
		A3CFBA3721AB230500A64840 /* PBXContainerItemProxy */ = {
			isa = PBXContainerItemProxy;
			containerPortal = A3CFBA0F21AB230200A64840 /* Project object */;
			proxyType = 1;
			remoteGlobalIDString = A3CFBA1621AB230200A64840;
			remoteInfo = Tippy;
		};
/* End PBXContainerItemProxy section */

/* Begin PBXFileReference section */
		A3CFBA1721AB230300A64840 /* Tippy.app */ = {isa = PBXFileReference; explicitFileType = wrapper.application; includeInIndex = 0; path = Tippy.app; sourceTree = BUILT_PRODUCTS_DIR; };
		A3CFBA1A21AB230300A64840 /* AppDelegate.swift */ = {isa = PBXFileReference; lastKnownFileType = sourcecode.swift; path = AppDelegate.swift; sourceTree = "<group>"; };
		A3CFBA1C21AB230300A64840 /* ViewController.swift */ = {isa = PBXFileReference; lastKnownFileType = sourcecode.swift; path = ViewController.swift; sourceTree = "<group>"; };
		A3CFBA1F21AB230300A64840 /* Base */ = {isa = PBXFileReference; lastKnownFileType = file.storyboard; name = Base; path = Base.lproj/Main.storyboard; sourceTree = "<group>"; };
		A3CFBA2121AB230500A64840 /* Assets.xcassets */ = {isa = PBXFileReference; lastKnownFileType = folder.assetcatalog; path = Assets.xcassets; sourceTree = "<group>"; };
		A3CFBA2421AB230500A64840 /* Base */ = {isa = PBXFileReference; lastKnownFileType = file.storyboard; name = Base; path = Base.lproj/LaunchScreen.storyboard; sourceTree = "<group>"; };
		A3CFBA2621AB230500A64840 /* Info.plist */ = {isa = PBXFileReference; lastKnownFileType = text.plist.xml; path = Info.plist; sourceTree = "<group>"; };
		A3CFBA2B21AB230500A64840 /* TippyTests.xctest */ = {isa = PBXFileReference; explicitFileType = wrapper.cfbundle; includeInIndex = 0; path = TippyTests.xctest; sourceTree = BUILT_PRODUCTS_DIR; };
		A3CFBA2F21AB230500A64840 /* TippyTests.swift */ = {isa = PBXFileReference; lastKnownFileType = sourcecode.swift; path = TippyTests.swift; sourceTree = "<group>"; };
		A3CFBA3121AB230500A64840 /* Info.plist */ = {isa = PBXFileReference; lastKnownFileType = text.plist.xml; path = Info.plist; sourceTree = "<group>"; };
		A3CFBA3621AB230500A64840 /* TippyUITests.xctest */ = {isa = PBXFileReference; explicitFileType = wrapper.cfbundle; includeInIndex = 0; path = TippyUITests.xctest; sourceTree = BUILT_PRODUCTS_DIR; };
		A3CFBA3A21AB230500A64840 /* TippyUITests.swift */ = {isa = PBXFileReference; lastKnownFileType = sourcecode.swift; path = TippyUITests.swift; sourceTree = "<group>"; };
		A3CFBA3C21AB230500A64840 /* Info.plist */ = {isa = PBXFileReference; lastKnownFileType = text.plist.xml; path = Info.plist; sourceTree = "<group>"; };
		A3FC940621D051570084245B /* SettingsViewController.swift */ = {isa = PBXFileReference; lastKnownFileType = sourcecode.swift; path = SettingsViewController.swift; sourceTree = "<group>"; };
/* End PBXFileReference section */

/* Begin PBXFrameworksBuildPhase section */
		A3CFBA1421AB230200A64840 /* Frameworks */ = {
			isa = PBXFrameworksBuildPhase;
			buildActionMask = 2147483647;
			files = (
			);
			runOnlyForDeploymentPostprocessing = 0;
		};
		A3CFBA2821AB230500A64840 /* Frameworks */ = {
			isa = PBXFrameworksBuildPhase;
			buildActionMask = 2147483647;
			files = (
			);
			runOnlyForDeploymentPostprocessing = 0;
		};
		A3CFBA3321AB230500A64840 /* Frameworks */ = {
			isa = PBXFrameworksBuildPhase;
			buildActionMask = 2147483647;
			files = (
			);
			runOnlyForDeploymentPostprocessing = 0;
		};
/* End PBXFrameworksBuildPhase section */

/* Begin PBXGroup section */
		A3CFBA0E21AB230200A64840 = {
			isa = PBXGroup;
			children = (
				A3CFBA1921AB230300A64840 /* Tippy */,
				A3CFBA2E21AB230500A64840 /* TippyTests */,
				A3CFBA3921AB230500A64840 /* TippyUITests */,
				A3CFBA1821AB230300A64840 /* Products */,
			);
			sourceTree = "<group>";
		};
		A3CFBA1821AB230300A64840 /* Products */ = {
			isa = PBXGroup;
			children = (
				A3CFBA1721AB230300A64840 /* Tippy.app */,
				A3CFBA2B21AB230500A64840 /* TippyTests.xctest */,
				A3CFBA3621AB230500A64840 /* TippyUITests.xctest */,
			);
			name = Products;
			sourceTree = "<group>";
		};
		A3CFBA1921AB230300A64840 /* Tippy */ = {
			isa = PBXGroup;
			children = (
				A3CFBA1A21AB230300A64840 /* AppDelegate.swift */,
				A3CFBA1C21AB230300A64840 /* ViewController.swift */,
				A3CFBA1E21AB230300A64840 /* Main.storyboard */,
				A3FC940621D051570084245B /* SettingsViewController.swift */,
				A3CFBA2121AB230500A64840 /* Assets.xcassets */,
				A3CFBA2321AB230500A64840 /* LaunchScreen.storyboard */,
				A3CFBA2621AB230500A64840 /* Info.plist */,
			);
			path = Tippy;
			sourceTree = "<group>";
		};
		A3CFBA2E21AB230500A64840 /* TippyTests */ = {
			isa = PBXGroup;
			children = (
				A3CFBA2F21AB230500A64840 /* TippyTests.swift */,
				A3CFBA3121AB230500A64840 /* Info.plist */,
			);
			path = TippyTests;
			sourceTree = "<group>";
		};
		A3CFBA3921AB230500A64840 /* TippyUITests */ = {
			isa = PBXGroup;
			children = (
				A3CFBA3A21AB230500A64840 /* TippyUITests.swift */,
				A3CFBA3C21AB230500A64840 /* Info.plist */,
			);
			path = TippyUITests;
			sourceTree = "<group>";
		};
/* End PBXGroup section */

/* Begin PBXNativeTarget section */
		A3CFBA1621AB230200A64840 /* Tippy */ = {
			isa = PBXNativeTarget;
			buildConfigurationList = A3CFBA3F21AB230500A64840 /* Build configuration list for PBXNativeTarget "Tippy" */;
			buildPhases = (
				A3CFBA1321AB230200A64840 /* Sources */,
				A3CFBA1421AB230200A64840 /* Frameworks */,
				A3CFBA1521AB230200A64840 /* Resources */,
			);
			buildRules = (
			);
			dependencies = (
			);
			name = Tippy;
			productName = Tippy;
			productReference = A3CFBA1721AB230300A64840 /* Tippy.app */;
			productType = "com.apple.product-type.application";
		};
		A3CFBA2A21AB230500A64840 /* TippyTests */ = {
			isa = PBXNativeTarget;
			buildConfigurationList = A3CFBA4221AB230500A64840 /* Build configuration list for PBXNativeTarget "TippyTests" */;
			buildPhases = (
				A3CFBA2721AB230500A64840 /* Sources */,
				A3CFBA2821AB230500A64840 /* Frameworks */,
				A3CFBA2921AB230500A64840 /* Resources */,
			);
			buildRules = (
			);
			dependencies = (
				A3CFBA2D21AB230500A64840 /* PBXTargetDependency */,
			);
			name = TippyTests;
			productName = TippyTests;
			productReference = A3CFBA2B21AB230500A64840 /* TippyTests.xctest */;
			productType = "com.apple.product-type.bundle.unit-test";
		};
		A3CFBA3521AB230500A64840 /* TippyUITests */ = {
			isa = PBXNativeTarget;
			buildConfigurationList = A3CFBA4521AB230500A64840 /* Build configuration list for PBXNativeTarget "TippyUITests" */;
			buildPhases = (
				A3CFBA3221AB230500A64840 /* Sources */,
				A3CFBA3321AB230500A64840 /* Frameworks */,
				A3CFBA3421AB230500A64840 /* Resources */,
			);
			buildRules = (
			);
			dependencies = (
				A3CFBA3821AB230500A64840 /* PBXTargetDependency */,
			);
			name = TippyUITests;
			productName = TippyUITests;
			productReference = A3CFBA3621AB230500A64840 /* TippyUITests.xctest */;
			productType = "com.apple.product-type.bundle.ui-testing";
		};
/* End PBXNativeTarget section */

/* Begin PBXProject section */
		A3CFBA0F21AB230200A64840 /* Project object */ = {
			isa = PBXProject;
			attributes = {
				LastSwiftUpdateCheck = 1010;
				LastUpgradeCheck = 1010;
				ORGANIZATIONNAME = "Sandeep Singh";
				TargetAttributes = {
					A3CFBA1621AB230200A64840 = {
						CreatedOnToolsVersion = 10.1;
					};
					A3CFBA2A21AB230500A64840 = {
						CreatedOnToolsVersion = 10.1;
						TestTargetID = A3CFBA1621AB230200A64840;
					};
					A3CFBA3521AB230500A64840 = {
						CreatedOnToolsVersion = 10.1;
						TestTargetID = A3CFBA1621AB230200A64840;
					};
				};
			};
			buildConfigurationList = A3CFBA1221AB230200A64840 /* Build configuration list for PBXProject "Tippy" */;
			compatibilityVersion = "Xcode 9.3";
			developmentRegion = en;
			hasScannedForEncodings = 0;
			knownRegions = (
				en,
				Base,
			);
			mainGroup = A3CFBA0E21AB230200A64840;
			productRefGroup = A3CFBA1821AB230300A64840 /* Products */;
			projectDirPath = "";
			projectRoot = "";
			targets = (
				A3CFBA1621AB230200A64840 /* Tippy */,
				A3CFBA2A21AB230500A64840 /* TippyTests */,
				A3CFBA3521AB230500A64840 /* TippyUITests */,
			);
		};
/* End PBXProject section */

/* Begin PBXResourcesBuildPhase section */
		A3CFBA1521AB230200A64840 /* Resources */ = {
			isa = PBXResourcesBuildPhase;
			buildActionMask = 2147483647;
			files = (
				A3CFBA2521AB230500A64840 /* LaunchScreen.storyboard in Resources */,
				A3CFBA2221AB230500A64840 /* Assets.xcassets in Resources */,
				A3CFBA2021AB230300A64840 /* Main.storyboard in Resources */,
			);
			runOnlyForDeploymentPostprocessing = 0;
		};
		A3CFBA2921AB230500A64840 /* Resources */ = {
			isa = PBXResourcesBuildPhase;
			buildActionMask = 2147483647;
			files = (
			);
			runOnlyForDeploymentPostprocessing = 0;
		};
		A3CFBA3421AB230500A64840 /* Resources */ = {
			isa = PBXResourcesBuildPhase;
			buildActionMask = 2147483647;
			files = (
			);
			runOnlyForDeploymentPostprocessing = 0;
		};
/* End PBXResourcesBuildPhase section */

/* Begin PBXSourcesBuildPhase section */
		A3CFBA1321AB230200A64840 /* Sources */ = {
			isa = PBXSourcesBuildPhase;
			buildActionMask = 2147483647;
			files = (
				A3CFBA1D21AB230300A64840 /* ViewController.swift in Sources */,
				A3CFBA1B21AB230300A64840 /* AppDelegate.swift in Sources */,
				A3FC940721D051570084245B /* SettingsViewController.swift in Sources */,
			);
			runOnlyForDeploymentPostprocessing = 0;
		};
		A3CFBA2721AB230500A64840 /* Sources */ = {
			isa = PBXSourcesBuildPhase;
			buildActionMask = 2147483647;
			files = (
				A3CFBA3021AB230500A64840 /* TippyTests.swift in Sources */,
			);
			runOnlyForDeploymentPostprocessing = 0;
		};
		A3CFBA3221AB230500A64840 /* Sources */ = {
			isa = PBXSourcesBuildPhase;
			buildActionMask = 2147483647;
			files = (
				A3CFBA3B21AB230500A64840 /* TippyUITests.swift in Sources */,
			);
			runOnlyForDeploymentPostprocessing = 0;
		};
/* End PBXSourcesBuildPhase section */

/* Begin PBXTargetDependency section */
		A3CFBA2D21AB230500A64840 /* PBXTargetDependency */ = {
			isa = PBXTargetDependency;
			target = A3CFBA1621AB230200A64840 /* Tippy */;
			targetProxy = A3CFBA2C21AB230500A64840 /* PBXContainerItemProxy */;
		};
		A3CFBA3821AB230500A64840 /* PBXTargetDependency */ = {
			isa = PBXTargetDependency;
			target = A3CFBA1621AB230200A64840 /* Tippy */;
			targetProxy = A3CFBA3721AB230500A64840 /* PBXContainerItemProxy */;
		};
/* End PBXTargetDependency section */

/* Begin PBXVariantGroup section */
		A3CFBA1E21AB230300A64840 /* Main.storyboard */ = {
			isa = PBXVariantGroup;
			children = (
				A3CFBA1F21AB230300A64840 /* Base */,
			);
			name = Main.storyboard;
			sourceTree = "<group>";
		};
		A3CFBA2321AB230500A64840 /* LaunchScreen.storyboard */ = {
			isa = PBXVariantGroup;
			children = (
				A3CFBA2421AB230500A64840 /* Base */,
			);
			name = LaunchScreen.storyboard;
			sourceTree = "<group>";
		};
/* End PBXVariantGroup section */

/* Begin XCBuildConfiguration section */
		A3CFBA3D21AB230500A64840 /* Debug */ = {
			isa = XCBuildConfiguration;
			buildSettings = {
				ALWAYS_SEARCH_USER_PATHS = NO;
				CLANG_ANALYZER_NONNULL = YES;
				CLANG_ANALYZER_NUMBER_OBJECT_CONVERSION = YES_AGGRESSIVE;
				CLANG_CXX_LANGUAGE_STANDARD = "gnu++14";
				CLANG_CXX_LIBRARY = "libc++";
				CLANG_ENABLE_MODULES = YES;
				CLANG_ENABLE_OBJC_ARC = YES;
				CLANG_ENABLE_OBJC_WEAK = YES;
				CLANG_WARN_BLOCK_CAPTURE_AUTORELEASING = YES;
				CLANG_WARN_BOOL_CONVERSION = YES;
				CLANG_WARN_COMMA = YES;
				CLANG_WARN_CONSTANT_CONVERSION = YES;
				CLANG_WARN_DEPRECATED_OBJC_IMPLEMENTATIONS = YES;
				CLANG_WARN_DIRECT_OBJC_ISA_USAGE = YES_ERROR;
				CLANG_WARN_DOCUMENTATION_COMMENTS = YES;
				CLANG_WARN_EMPTY_BODY = YES;
				CLANG_WARN_ENUM_CONVERSION = YES;
				CLANG_WARN_INFINITE_RECURSION = YES;
				CLANG_WARN_INT_CONVERSION = YES;
				CLANG_WARN_NON_LITERAL_NULL_CONVERSION = YES;
				CLANG_WARN_OBJC_IMPLICIT_RETAIN_SELF = YES;
				CLANG_WARN_OBJC_LITERAL_CONVERSION = YES;
				CLANG_WARN_OBJC_ROOT_CLASS = YES_ERROR;
				CLANG_WARN_RANGE_LOOP_ANALYSIS = YES;
				CLANG_WARN_STRICT_PROTOTYPES = YES;
				CLANG_WARN_SUSPICIOUS_MOVE = YES;
				CLANG_WARN_UNGUARDED_AVAILABILITY = YES_AGGRESSIVE;
				CLANG_WARN_UNREACHABLE_CODE = YES;
				CLANG_WARN__DUPLICATE_METHOD_MATCH = YES;
				CODE_SIGN_IDENTITY = "iPhone Developer";
				COPY_PHASE_STRIP = NO;
				DEBUG_INFORMATION_FORMAT = dwarf;
				ENABLE_STRICT_OBJC_MSGSEND = YES;
				ENABLE_TESTABILITY = YES;
				GCC_C_LANGUAGE_STANDARD = gnu11;
				GCC_DYNAMIC_NO_PIC = NO;
				GCC_NO_COMMON_BLOCKS = YES;
				GCC_OPTIMIZATION_LEVEL = 0;
				GCC_PREPROCESSOR_DEFINITIONS = (
					"DEBUG=1",
					"$(inherited)",
				);
				GCC_WARN_64_TO_32_BIT_CONVERSION = YES;
				GCC_WARN_ABOUT_RETURN_TYPE = YES_ERROR;
				GCC_WARN_UNDECLARED_SELECTOR = YES;
				GCC_WARN_UNINITIALIZED_AUTOS = YES_AGGRESSIVE;
				GCC_WARN_UNUSED_FUNCTION = YES;
				GCC_WARN_UNUSED_VARIABLE = YES;
				IPHONEOS_DEPLOYMENT_TARGET = 12.1;
				MTL_ENABLE_DEBUG_INFO = INCLUDE_SOURCE;
				MTL_FAST_MATH = YES;
				ONLY_ACTIVE_ARCH = YES;
				SDKROOT = iphoneos;
				SWIFT_ACTIVE_COMPILATION_CONDITIONS = DEBUG;
				SWIFT_OPTIMIZATION_LEVEL = "-Onone";
			};
			name = Debug;
		};
		A3CFBA3E21AB230500A64840 /* Release */ = {
			isa = XCBuildConfiguration;
			buildSettings = {
				ALWAYS_SEARCH_USER_PATHS = NO;
				CLANG_ANALYZER_NONNULL = YES;
				CLANG_ANALYZER_NUMBER_OBJECT_CONVERSION = YES_AGGRESSIVE;
				CLANG_CXX_LANGUAGE_STANDARD = "gnu++14";
				CLANG_CXX_LIBRARY = "libc++";
				CLANG_ENABLE_MODULES = YES;
				CLANG_ENABLE_OBJC_ARC = YES;
				CLANG_ENABLE_OBJC_WEAK = YES;
				CLANG_WARN_BLOCK_CAPTURE_AUTORELEASING = YES;
				CLANG_WARN_BOOL_CONVERSION = YES;
				CLANG_WARN_COMMA = YES;
				CLANG_WARN_CONSTANT_CONVERSION = YES;
				CLANG_WARN_DEPRECATED_OBJC_IMPLEMENTATIONS = YES;
				CLANG_WARN_DIRECT_OBJC_ISA_USAGE = YES_ERROR;
				CLANG_WARN_DOCUMENTATION_COMMENTS = YES;
				CLANG_WARN_EMPTY_BODY = YES;
				CLANG_WARN_ENUM_CONVERSION = YES;
				CLANG_WARN_INFINITE_RECURSION = YES;
				CLANG_WARN_INT_CONVERSION = YES;
				CLANG_WARN_NON_LITERAL_NULL_CONVERSION = YES;
				CLANG_WARN_OBJC_IMPLICIT_RETAIN_SELF = YES;
				CLANG_WARN_OBJC_LITERAL_CONVERSION = YES;
				CLANG_WARN_OBJC_ROOT_CLASS = YES_ERROR;
				CLANG_WARN_RANGE_LOOP_ANALYSIS = YES;
				CLANG_WARN_STRICT_PROTOTYPES = YES;
				CLANG_WARN_SUSPICIOUS_MOVE = YES;
				CLANG_WARN_UNGUARDED_AVAILABILITY = YES_AGGRESSIVE;
				CLANG_WARN_UNREACHABLE_CODE = YES;
				CLANG_WARN__DUPLICATE_METHOD_MATCH = YES;
				CODE_SIGN_IDENTITY = "iPhone Developer";
				COPY_PHASE_STRIP = NO;
				DEBUG_INFORMATION_FORMAT = "dwarf-with-dsym";
				ENABLE_NS_ASSERTIONS = NO;
				ENABLE_STRICT_OBJC_MSGSEND = YES;
				GCC_C_LANGUAGE_STANDARD = gnu11;
				GCC_NO_COMMON_BLOCKS = YES;
				GCC_WARN_64_TO_32_BIT_CONVERSION = YES;
				GCC_WARN_ABOUT_RETURN_TYPE = YES_ERROR;
				GCC_WARN_UNDECLARED_SELECTOR = YES;
				GCC_WARN_UNINITIALIZED_AUTOS = YES_AGGRESSIVE;
				GCC_WARN_UNUSED_FUNCTION = YES;
				GCC_WARN_UNUSED_VARIABLE = YES;
				IPHONEOS_DEPLOYMENT_TARGET = 12.1;
				MTL_ENABLE_DEBUG_INFO = NO;
				MTL_FAST_MATH = YES;
				SDKROOT = iphoneos;
				SWIFT_COMPILATION_MODE = wholemodule;
				SWIFT_OPTIMIZATION_LEVEL = "-O";
				VALIDATE_PRODUCT = YES;
			};
			name = Release;
		};
		A3CFBA4021AB230500A64840 /* Debug */ = {
			isa = XCBuildConfiguration;
			buildSettings = {
				ASSETCATALOG_COMPILER_APPICON_NAME = AppIcon;
				CODE_SIGN_STYLE = Automatic;
				INFOPLIST_FILE = Tippy/Info.plist;
				LD_RUNPATH_SEARCH_PATHS = (
					"$(inherited)",
					"@executable_path/Frameworks",
				);
				PRODUCT_BUNDLE_IDENTIFIER = com.codepath.Tippy;
				PRODUCT_NAME = "$(TARGET_NAME)";
				SWIFT_VERSION = 4.2;
				TARGETED_DEVICE_FAMILY = "1,2";
			};
			name = Debug;
		};
		A3CFBA4121AB230500A64840 /* Release */ = {
			isa = XCBuildConfiguration;
			buildSettings = {
				ASSETCATALOG_COMPILER_APPICON_NAME = AppIcon;
				CODE_SIGN_STYLE = Automatic;
				INFOPLIST_FILE = Tippy/Info.plist;
				LD_RUNPATH_SEARCH_PATHS = (
					"$(inherited)",
					"@executable_path/Frameworks",
				);
				PRODUCT_BUNDLE_IDENTIFIER = com.codepath.Tippy;
				PRODUCT_NAME = "$(TARGET_NAME)";
				SWIFT_VERSION = 4.2;
				TARGETED_DEVICE_FAMILY = "1,2";
			};
			name = Release;
		};
		A3CFBA4321AB230500A64840 /* Debug */ = {
			isa = XCBuildConfiguration;
			buildSettings = {
				ALWAYS_EMBED_SWIFT_STANDARD_LIBRARIES = YES;
				BUNDLE_LOADER = "$(TEST_HOST)";
				CODE_SIGN_STYLE = Automatic;
				INFOPLIST_FILE = TippyTests/Info.plist;
				LD_RUNPATH_SEARCH_PATHS = (
					"$(inherited)",
					"@executable_path/Frameworks",
					"@loader_path/Frameworks",
				);
				PRODUCT_BUNDLE_IDENTIFIER = com.codepath.TippyTests;
				PRODUCT_NAME = "$(TARGET_NAME)";
				SWIFT_VERSION = 4.2;
				TARGETED_DEVICE_FAMILY = "1,2";
				TEST_HOST = "$(BUILT_PRODUCTS_DIR)/Tippy.app/Tippy";
			};
			name = Debug;
		};
		A3CFBA4421AB230500A64840 /* Release */ = {
			isa = XCBuildConfiguration;
			buildSettings = {
				ALWAYS_EMBED_SWIFT_STANDARD_LIBRARIES = YES;
				BUNDLE_LOADER = "$(TEST_HOST)";
				CODE_SIGN_STYLE = Automatic;
				INFOPLIST_FILE = TippyTests/Info.plist;
				LD_RUNPATH_SEARCH_PATHS = (
					"$(inherited)",
					"@executable_path/Frameworks",
					"@loader_path/Frameworks",
				);
				PRODUCT_BUNDLE_IDENTIFIER = com.codepath.TippyTests;
				PRODUCT_NAME = "$(TARGET_NAME)";
				SWIFT_VERSION = 4.2;
				TARGETED_DEVICE_FAMILY = "1,2";
				TEST_HOST = "$(BUILT_PRODUCTS_DIR)/Tippy.app/Tippy";
			};
			name = Release;
		};
		A3CFBA4621AB230500A64840 /* Debug */ = {
			isa = XCBuildConfiguration;
			buildSettings = {
				ALWAYS_EMBED_SWIFT_STANDARD_LIBRARIES = YES;
				CODE_SIGN_STYLE = Automatic;
				INFOPLIST_FILE = TippyUITests/Info.plist;
				LD_RUNPATH_SEARCH_PATHS = (
					"$(inherited)",
					"@executable_path/Frameworks",
					"@loader_path/Frameworks",
				);
				PRODUCT_BUNDLE_IDENTIFIER = com.codepath.TippyUITests;
				PRODUCT_NAME = "$(TARGET_NAME)";
				SWIFT_VERSION = 4.2;
				TARGETED_DEVICE_FAMILY = "1,2";
				TEST_TARGET_NAME = Tippy;
			};
			name = Debug;
		};
		A3CFBA4721AB230500A64840 /* Release */ = {
			isa = XCBuildConfiguration;
			buildSettings = {
				ALWAYS_EMBED_SWIFT_STANDARD_LIBRARIES = YES;
				CODE_SIGN_STYLE = Automatic;
				INFOPLIST_FILE = TippyUITests/Info.plist;
				LD_RUNPATH_SEARCH_PATHS = (
					"$(inherited)",
					"@executable_path/Frameworks",
					"@loader_path/Frameworks",
				);
				PRODUCT_BUNDLE_IDENTIFIER = com.codepath.TippyUITests;
				PRODUCT_NAME = "$(TARGET_NAME)";
				SWIFT_VERSION = 4.2;
				TARGETED_DEVICE_FAMILY = "1,2";
				TEST_TARGET_NAME = Tippy;
			};
			name = Release;
		};
/* End XCBuildConfiguration section */

/* Begin XCConfigurationList section */
		A3CFBA1221AB230200A64840 /* Build configuration list for PBXProject "Tippy" */ = {
			isa = XCConfigurationList;
			buildConfigurations = (
				A3CFBA3D21AB230500A64840 /* Debug */,
				A3CFBA3E21AB230500A64840 /* Release */,
			);
			defaultConfigurationIsVisible = 0;
			defaultConfigurationName = Release;
		};
		A3CFBA3F21AB230500A64840 /* Build configuration list for PBXNativeTarget "Tippy" */ = {
			isa = XCConfigurationList;
			buildConfigurations = (
				A3CFBA4021AB230500A64840 /* Debug */,
				A3CFBA4121AB230500A64840 /* Release */,
			);
			defaultConfigurationIsVisible = 0;
			defaultConfigurationName = Release;
		};
		A3CFBA4221AB230500A64840 /* Build configuration list for PBXNativeTarget "TippyTests" */ = {
			isa = XCConfigurationList;
			buildConfigurations = (
				A3CFBA4321AB230500A64840 /* Debug */,
				A3CFBA4421AB230500A64840 /* Release */,
			);
			defaultConfigurationIsVisible = 0;
			defaultConfigurationName = Release;
		};
		A3CFBA4521AB230500A64840 /* Build configuration list for PBXNativeTarget "TippyUITests" */ = {
			isa = XCConfigurationList;
			buildConfigurations = (
				A3CFBA4621AB230500A64840 /* Debug */,
				A3CFBA4721AB230500A64840 /* Release */,
			);
			defaultConfigurationIsVisible = 0;
			defaultConfigurationName = Release;
		};
/* End XCConfigurationList section */
	};
	rootObject = A3CFBA0F21AB230200A64840 /* Project object */;
}
